dependencies:
  espressif/button:
    component_hash: a1f34e8ed2e61ffef1a230fd9477005c2db335c7e1f6a239f43e5f119dcbe1b0
    dependencies:
    - name: espressif/cmake_utilities
      registry_url: https://components.espressif.com
      require: private
      version: '*'
    - name: idf
      require: private
      version: '>=4.0'
    source:
      registry_url: https://components.espressif.com
      type: service
    version: 4.2.1
  espressif/cmake_utilities:
    component_hash: 351350613ceafba240b761b4ea991e0f231ac7a9f59a9ee901f751bddc0bb18f
    dependencies:
    - name: idf
      require: private
      version: '>=4.1'
    source:
      registry_url: https://components.espressif.com
      type: service
    version: 0.5.3
  espressif/eppp_link:
    component_hash: c1369b37f2b0b427b198ae14e07e7547d3da92b95fe4dc7f949e5de560b35f21
    dependencies:
    - name: espressif/esp_serial_slave_link
      registry_url: https://components.espressif.com
      require: private
      version: ^1.1.0
    - name: idf
      require: private
      version: '>=5.2'
    source:
      registry_url: https://components.espressif.com
      type: service
    version: 1.1.6
  espressif/esp_cam_sensor:
    component_hash: 0dd6634a71cc8756f0e46c961476304a23a82db4f4c4deb8aecfa30161d2185c
    dependencies:
    - name: espressif/cmake_utilities
      registry_url: https://components.espressif.com
      require: private
      version: 0.*
    - name: espressif/esp_sccb_intf
      registry_url: https://components.espressif.com
      require: private
      version: '>=0.0.5'
    - name: idf
      require: private
      version: '>=5.3'
    source:
      registry_url: https://components.espressif.com
      type: service
    targets:
    - esp32p4
    - esp32s3
    - esp32c3
    - esp32c5
    - esp32c6
    - esp32c61
    - esp32s31
    version: 2.6.0
  espressif/esp_codec_dev:
    component_hash: df70f10af8d7b922add7b9d07372c9c97ab356e58d72b7a892050227c2d44348
    dependencies:
    - name: idf
      require: private
      version: '>=4.0'
    source:
      registry_url: https://components.espressif.com/
      type: service
    version: 1.5.11
  espressif/esp_h264:
    component_hash: 3d60078419ceac61cd87579664ae6a5a9b9a42d6f2edf4e23d753af8d2a67da9
    dependencies:
    - name: idf
      require: private
      version: '>=4.4'
    source:
      registry_url: https://components.espressif.com
      type: service
    targets:
    - esp32s3
    - esp32s31
    - esp32p4
    version: 1.4.1
  espressif/esp_hosted:
    component_hash: d72bce4d4a9fd6d4b610f3437735f58c70cfe40abfc969b53396dbb2e1d4c49b
    dependencies:
    - name: idf
      require: private
      version: '>=5.5'
    source:
      registry_url: https://components.espressif.com/
      type: service
    targets:
    - esp32
    - esp32c2
    - esp32s2
    - esp32s3
    - esp32c3
    - esp32c5
    - esp32c6
    - esp32c61
    - esp32h2
    - esp32h4
    - esp32h21
    - esp32p4
    version: 3.0.9
  espressif/esp_ipa:
    component_hash: 80871ce076e8fce944e4f7d86a8b16e12d93c57e5e37064ec38eb9b123b6d769
    dependencies:
    - name: espressif/cmake_utilities
      registry_url: https://components.espressif.com
      require: private
      version: 0.*
    - name: idf
      require: private
      version: '>=5.4'
    source:
      registry_url: https://components.espressif.com
      type: service
    targets:
    - esp32p4
    version: 2.4.0
  espressif/esp_lcd_ek79007:
    component_hash: c5a0501fbab972031026aa6144354b31ed6db899cf2ee5a22ca4ebaf3fea1657
    dependencies:
    - name: espressif/cmake_utilities
      registry_url: https://components.espressif.com
      require: private
      version: 0.*
    - name: idf
      require: private
      version: '>=5.3'
    source:
      registry_url: https://components.espressif.com
      type: service
    targets:
    - esp32p4
    version: 2.0.2~1
  espressif/esp_lcd_st7701:
    component_hash: 924f346e36da39aaa38177e21bd360b5442abc792338fb64ad1e644481255898
    dependencies:
    - name: espressif/cmake_utilities
      registry_url: https://components.espressif.com
      require: private
      version: 0.*
    - name: idf
      require: private
      version: '>=5.4'
    source:
      registry_url: https://components.espressif.com
      type: service
    targets:
    - esp32s3
    - esp32s31
    - esp32p4
    version: 2.0.2~2
  espressif/esp_lcd_touch:
    component_hash: 3f85a7d95af876f1a6ecca8eb90a81614890d0f03a038390804e5a77e2caf862
    dependencies:
    - name: idf
      require: private
      version: '>=4.4.2'
    source:
      registry_url: https://components.espressif.com
      type: service
    version: 1.2.1
  espressif/esp_lcd_touch_gt911:
    component_hash: 737bdf29e0823eacf041381e81db2aaf5d378f3b5417df7f415f83319e3e790b
    dependencies:
    - name: espressif/esp_lcd_touch
      registry_url: https://components.espressif.com
      require: public
      version: ^1.2.0
    - name: idf
      require: private
      version: '>=5.2'
    source:
      registry_url: https://components.espressif.com
      type: service
    version: 1.2.1
  espressif/esp_lv_decoder:
    component_hash: 331d23c304cea5d1aed0ad3cea7774874dbaeebb2217e8db6bf3cc8485ac9f9f
    dependencies:
    - name: espressif/esp_new_jpeg
      registry_url: https://components.espressif.com
      require: private
      version: 1.*
    - name: espressif/libpng
      registry_url: https://components.espressif.com
      require: private
      version: 1.*
    - name: idf
      require: private
      version: '>=5.3'
    - name: lvgl/lvgl
      registry_url: https://components.espressif.com
      require: private
      version: '>=8,<10'
    source:
      registry_url: https://components.espressif.com
      type: service
    targets:
    - esp32
    - esp32s2
    - esp32s3
    - esp32s31
    - esp32p4
    - esp32c2
    - esp32c3
    - esp32c5
    - esp32c6
    - esp32c61
    - esp32h4
    version: 0.4.3
  espressif/esp_lv_fs:
    component_hash: 66896007884b817df34c964f9a114fff538ee2674e99fee7159162498b93f94b
    dependencies:
    - name: espressif/cmake_utilities
      registry_url: https://components.espressif.com
      require: private
      version: 0.*
    - name: espressif/esp_mmap_assets
      registry_url: https://components.espressif.com
      require: private
      version: '>=1.2'
    - name: idf
      require: private
      version: '>=4.4'
    - name: lvgl/lvgl
      registry_url: https://components.espressif.com
      require: private
      version: '>=8,<10'
    source:
      registry_url: https://components.espressif.com
      type: service
    version: 1.0.1
  espressif/esp_lvgl_adapter:
    component_hash: bcb316bedda9e934d32567082a969a8e8f8f406dd32d23c359a299249dc18e81
    dependencies:
    - name: espressif/button
      registry_url: https://components.espressif.com
      require: public
      version: 4.*
    - name: espressif/esp_lcd_touch
      registry_url: https://components.espressif.com
      require: public
      version: 1.*
    - name: espressif/esp_lv_decoder
      registry_url: https://components.espressif.com
      require: public
      version: 0.*
    - name: espressif/esp_lv_fs
      registry_url: https://components.espressif.com
      require: public
      version: 1.*
    - name: espressif/freetype
      registry_url: https://components.espressif.com
      require: public
      version: 2.*
    - name: espressif/knob
      registry_url: https://components.espressif.com
      require: public
      version: 1.*
    - name: idf
      require: private
      version: '>=5.5'
    - name: lvgl/lvgl
      registry_url: https://components.espressif.com
      require: private
      version: '>=8,<10'
    source:
      registry_url: https://components.espressif.com
      type: service
    version: 0.6.4
  espressif/esp_mmap_assets:
    component_hash: 42310c362596de2a37248c2937b1754bc29cd0356b9839e2a77cf791e6bcdde1
    dependencies:
    - name: espressif/cmake_utilities
      registry_url: https://components.espressif.com
      require: private
      version: 0.*
    - name: idf
      require: private
      version: '>=5.0'
    source:
      registry_url: https://components.espressif.com
      type: service
    version: 2.0.1
  espressif/esp_new_jpeg:
    component_hash: e1e7e6991193c41ed6c9fc386702aa7821433319e7aa9c3147cd3236310cd69c
    dependencies: []
    source:
      registry_url: https://components.espressif.com/
      type: service
    targets:
    - esp32
    - esp32s2
    - esp32s3
    - esp32s31
    - esp32p4
    - esp32c2
    - esp32c3
    - esp32c5
    - esp32c6
    - esp32c61
    - esp32h4
    version: 1.0.2
  espressif/esp_sccb_intf:
    component_hash: eb6a7d5c992f09583c163b2e3f5e95a0fdc87a2d9f8e026f3e59153935553889
    dependencies:
    - name: idf
      require: private
      version: '>=5.3'
    source:
      registry_url: https://components.espressif.com
      type: service
    version: 0.0.9
  espressif/esp_serial_slave_link:
    component_hash: ac1776806de0a6e371c84e87898bb983e19ce62aa7f1e2e5c4a3b0234a575d2c
    dependencies:
    - name: idf
      require: private
      version: '>=5.0'
    source:
      registry_url: https://components.espressif.com
      type: service
    version: 1.1.2
  espressif/esp_video:
    component_hash: 5694b16c12b8bb26b56ad3f999ad10119f1314d64b2d1c518bc7dfed902df9e1
    dependencies:
    - name: espressif/cmake_utilities
      registry_url: https://components.espressif.com
      require: private
      version: 0.*
    - name: espressif/esp_cam_sensor
      registry_url: https://components.espressif.com
      require: private
      version: 2.6.*
    - matches:
      - if: $CONFIG{ESP_VIDEO_USE_CUSTOMIZED_ESP_H264_VERSION} == False
      name: espressif/esp_h264
      registry_url: https://components.espressif.com
      require: private
      rules:
      - if: target in [esp32p4]
      version: 1.4.*
    - name: espressif/esp_ipa
      registry_url: https://components.espressif.com
      require: private
      rules:
      - if: target in [esp32p4]
      version: 2.4.*
    - name: idf
      require: private
      version: '>=5.4'
    - name: espressif/usb_host_uvc
      registry_url: https://components.espressif.com
      require: private
      rules:
      - if: target in [esp32p4, esp32s3, esp32s31]
      version: 2.5.*
    source:
      registry_url: https://components.espressif.com/
      type: service
    targets:
    - esp32p4
    - esp32s3
    - esp32c3
    - esp32c5
    - esp32c6
    - esp32c61
    - esp32s31
    version: 2.5.0
  espressif/esp_wifi_remote:
    component_hash: 96d9c79c120e6fb2bb6d430448e1c9edfb753711163d7c9c3afd2b26907ca7b3
    dependencies:
    - name: espressif/eppp_link
      registry_url: https://components.espressif.com
      require: private
      version: '>=0.1'
    - name: espressif/esp_hosted
      registry_url: https://components.espressif.com
      require: private
      rules:
      - if: target in [esp32h2, esp32p4]
      version: '>=0.0.6'
    - name: idf
      require: private
      version: '>=5.3'
    source:
      registry_url: https://components.espressif.com/
      type: service
    version: 0.14.5
  espressif/freetype:
    component_hash: aa9f7657a69b2b1c1f49044017fc424081d4e0fe6e97834cb43883548d44e3ca
    dependencies:
    - name: idf
      require: private
      version: '>=5.1'
    source:
      registry_url: https://components.espressif.com
      type: service
    version: 2.14.3~1
  espressif/i2c_bus:
    component_hash: 483112c1619c54c38d0b734fb25f1678733267858a77b7af2f48cc7db6dbbd84
    dependencies:
    - name: espressif/cmake_utilities
      registry_url: https://components.espressif.com
      require: private
      version: '*'
    - name: idf
      require: private
      version: '>=4.0'
    source:
      registry_url: https://components.espressif.com
      type: service
    version: 1.5.2
  espressif/knob:
    component_hash: b56694054cd34a683ac2a6f3661963ba00b1dab741a4f3bb59ed6666cbc9f3fb
    dependencies:
    - name: espressif/cmake_utilities
      registry_url: https://components.espressif.com
      require: private
      version: 0.*
    - name: idf
      require: private
      version: '>=4.4.1'
    source:
      registry_url: https://components.espressif.com
      type: service
    version: 1.1.0
  espressif/libpng:
    component_hash: d094357a329f78668629d7c9656064b2b0123196eb6d25ca77db3782e0752480
    dependencies:
    - name: idf
      require: private
      version: '>=5.1'
    - name: espressif/zlib
      registry_url: https://components.espressif.com
      require: private
      version: ^1.2.13
    source:
      registry_url: https://components.espressif.com
      type: service
    version: 1.6.58~2
  espressif/usb_host_uvc:
    component_hash: ecb2604b71cb5a65d64e5f441be54793b1838096043ad8cf1fa0d3012de18a9a
    dependencies:
    - name: idf
      require: private
      version: '>=5.0'
    - name: espressif/usb
      registry_url: https://components.espressif.com
      require: public
      rules:
      - if: idf_version >=6.0
      - if: target not in ["linux"]
      version: ^1.0.0
    source:
      registry_url: https://components.espressif.com
      type: service
    targets:
    - esp32s2
    - esp32s3
    - esp32p4
    - esp32h4
    - esp32s31
    - linux
    version: 2.5.2
  espressif/zlib:
    component_hash: 9083cada65f1c9d298ef92266232d071c6f2f335164e2799554b3eae73aedc55
    dependencies:
    - name: idf
      require: private
      version: '>=5.1'
    source:
      registry_url: https://components.espressif.com
      type: service
    version: 1.3.2~1
  idf:
    source:
      type: idf
    version: 5.5.5
  lvgl/lvgl:
    component_hash: 7d82410747bbfb319531449749e940f440f8414f041f9eaba13f0d1dd7f58cdd
    dependencies:
    - name: espressif/freetype
      registry_url: https://components.espressif.com
      require: private
      rules:
      - if: idf_version >=5.5 && $CONFIG{LV_USE_FREETYPE} == True
      version: ^2.14.3
    - name: espressif/libjpeg-turbo
      registry_url: https://components.espressif.com
      require: private
      rules:
      - if: idf_version >=5.5 && $CONFIG{LV_USE_LIBJPEG_TURBO} == True
      version: ^3.1.1
    - name: espressif/libpng
      registry_url: https://components.espressif.com
      require: private
      rules:
      - if: idf_version >=5.5 && $CONFIG{LV_USE_LIBPNG} == True
      version: ^1.6.58
    - name: espressif/lz4
      registry_url: https://components.espressif.com
      require: private
      rules:
      - if: idf_version >=5.5 && $CONFIG{LV_USE_LZ4} == True && $CONFIG{LV_USE_LZ4_INTERNAL} == False
      version: ^1.10.0
    source:
      registry_url: https://components.espressif.com
      type: service
    version: 9.6.0~1
  waveshare/esp32_p4_platform:
    component_hash: b1be590dd7170ea417a3b950b81c7892ff266d6514070ecdd568faeb654b0149
    dependencies:
    - name: espressif/esp_codec_dev
      registry_url: https://components.espressif.com
      require: public
      version: ~1.5
    - name: espressif/esp_lcd_ek79007
      registry_url: https://components.espressif.com
      require: private
      version: ^2.0.2~1
    - name: espressif/esp_lcd_touch_gt911
      registry_url: https://components.espressif.com
      require: private
      version: ^1
    - name: espressif/esp_lcd_st7701
      registry_url: https://components.espressif.com
      require: private
      version: '*'
    - name: espressif/esp_lvgl_adapter
      registry_url: https://components.espressif.com
      require: public
      version: ~0.6
    - name: idf
      require: private
      version: '>=5.5'
    - name: lvgl/lvgl
      registry_url: https://components.espressif.com
      require: private
      version: '>=8,<10'
    - name: espressif/usb
      registry_url: https://components.espressif.com
      require: public
      rules:
      - if: idf_version >=6.0
      version: ^1.0.0
    - name: waveshare/esp_lcd_dsi
      registry_url: https://components.espressif.com
      require: private
      version: ^2.0.0
    - name: waveshare/esp_lcd_hx8394
      registry_url: https://components.espressif.com
      require: private
      version: ^2.0.0
    - name: waveshare/esp_lcd_ili9881c
      registry_url: https://components.espressif.com
      require: private
      version: ^2.0.0
    - name: waveshare/esp_lcd_jd9365
      registry_url: https://components.espressif.com
      require: private
      version: ^2.0.0
    - name: waveshare/esp_lcd_ota7290b
      registry_url: https://components.espressif.com
      require: private
      version: ^2.0.0
    source:
      registry_url: https://components.espressif.com/
      type: service
    targets:
    - esp32p4
    version: 2.0.1
  waveshare/esp_lcd_dsi:
    component_hash: 004e3455a2e331eadef75da0df28eb090d03681e0300d75abccb1722fbca66c4
    dependencies:
    - name: espressif/cmake_utilities
      registry_url: https://components.espressif.com
      require: private
      version: 0.*
    - name: espressif/i2c_bus
      registry_url: https://components.espressif.com
      require: private
      version: ^1.3.0
    - name: idf
      require: private
      version: '>=5.3'
    source:
      registry_url: https://components.espressif.com
      type: service
    targets:
    - esp32p4
    version: 2.0.0
  waveshare/esp_lcd_hx8394:
    component_hash: 4d450c1ba5265c1daf3ecdf0ce56839c7247771bfcf8cf5436f1481de6757319
    dependencies:
    - name: espressif/cmake_utilities
      registry_url: https://components.espressif.com
      require: private
      version: 0.*
    - name: espressif/i2c_bus
      registry_url: https://components.espressif.com
      require: private
      version: ^1.3.0
    - name: idf
      require: private
      version: '>=5.3'
    source:
      registry_url: https://components.espressif.com
      type: service
    targets:
    - esp32p4
    version: 2.1.0
  waveshare/esp_lcd_ili9881c:
    component_hash: 3150ce0151872e7d2b2ad03a3ce4f3a95b3598d7786d13c6a478c6835a9b423d
    dependencies:
    - name: espressif/cmake_utilities
      registry_url: https://components.espressif.com
      require: private
      version: 0.*
    - name: espressif/i2c_bus
      registry_url: https://components.espressif.com
      require: private
      version: ^1.3.0
    - name: idf
      require: private
      version: '>=5.3'
    source:
      registry_url: https://components.espressif.com
      type: service
    targets:
    - esp32p4
    version: 2.0.0
  waveshare/esp_lcd_jd9365:
    component_hash: cb97511cfb9d3f59d652bb843b0b2571eeac6516d98db448fce8ff580e8ced41
    dependencies:
    - name: espressif/cmake_utilities
      registry_url: https://components.espressif.com
      require: private
      version: 0.*
    - name: espressif/i2c_bus
      registry_url: https://components.espressif.com
      require: private
      version: ^1.3.0
    - name: idf
      require: private
      version: '>=5.3'
    source:
      registry_url: https://components.espressif.com
      type: service
    targets:
    - esp32p4
    version: 2.0.0
  waveshare/esp_lcd_ota7290b:
    component_hash: 596186f8d08db84dc5fd9e133d137c09f074d2239d4b245a35bcdfe978a3b165
    dependencies:
    - name: espressif/cmake_utilities
      registry_url: https://components.espressif.com
      require: private
      version: 0.*
    - name: espressif/i2c_bus
      registry_url: https://components.espressif.com
      require: private
      version: ^1.3.0
    - name: idf
      require: private
      version: '>=5.3'
    source:
      registry_url: https://components.espressif.com
      type: service
    targets:
    - esp32p4
    version: 2.0.0
direct_dependencies:
- espressif/esp_codec_dev
- espressif/esp_hosted
- espressif/esp_new_jpeg
- espressif/esp_video
- espressif/esp_wifi_remote
- idf
- waveshare/esp32_p4_platform
manifest_hash: 9ec0a7a91fe525c04a1bb11948020fc3f57e524f751de0e9ae406f1d4e6670c0
target: esp32p4
version: 2.0.0
